
Microsoft Visual Studio Solution File, Format Version 12.00
# Visual Studio 15
VisualStudioVersion = 15.0.28010.2048
MinimumVisualStudioVersion = 10.0.40219.1
Project("{FAE04EC0-301F-11D3-BF4B-00C04F79EFBC}") = "CustomList", "CustomList\CustomList.csproj", "{1983A9BA-A620-4111-A9AA-ED8483C0E4BE}"
EndProject
Global
	GlobalSection(SolutionConfigurationPlatforms) = preSolution
		Debug|Any CPU = Debug|Any CPU
		Release|Any CPU = Release|Any CPU
	EndGlobalSection
	GlobalSection(ProjectConfigurationPlatforms) = postSolution
		{1983A9BA-A620-4111-A9AA-ED8483C0E4BE}.Debug|Any CPU.ActiveCfg = Debug|Any CPU
		{1983A9BA-A620-4111-A9AA-ED8483C0E4BE}.Debug|Any CPU.Build.0 = Debug|Any CPU
		{1983A9BA-A620-4111-A9AA-ED8483C0E4BE}.Release|Any CPU.ActiveCfg = Release|Any CPU
		{1983A9BA-A620-4111-A9AA-ED8483C0E4BE}.Release|Any CPU.Build.0 = Release|Any CPU
	EndGlobalSection
	GlobalSection(SolutionProperties) = preSolution
		HideSolutionNode = FALSE
	EndGlobalSection
	GlobalSection(ExtensibilityGlobals) = postSolution
		SolutionGuid = {693DD397-4644-4C9C-8A04-0234EEC57AC8}
	EndGlobalSection
EndGlobal
